
Microsoft Visual Studio Solution File, Format Version 12.00
# Visual Studio Version 17
VisualStudioVersion = 17.4.33205.214
MinimumVisualStudioVersion = 10.0.40219.1
Project("{FAE04EC0-301F-11D3-BF4B-00C04F79EFBC}") = "Markets4You", "Markets4You\Markets4You.csproj", "{77A7E7C8-2F28-4A98-998B-FC95C3699A86}"
EndProject
Global
	GlobalSection(SolutionConfigurationPlatforms) = preSolution
		Debug|Any CPU = Debug|Any CPU
		Release|Any CPU = Release|Any CPU
	EndGlobalSection
	GlobalSection(ProjectConfigurationPlatforms) = postSolution
		{77A7E7C8-2F28-4A98-998B-FC95C3699A86}.Debug|Any CPU.ActiveCfg = Debug|Any CPU
		{77A7E7C8-2F28-4A98-998B-FC95C3699A86}.Debug|Any CPU.Build.0 = Debug|Any CPU
		{77A7E7C8-2F28-4A98-998B-FC95C3699A86}.Release|Any CPU.ActiveCfg = Release|Any CPU
		{77A7E7C8-2F28-4A98-998B-FC95C3699A86}.Release|Any CPU.Build.0 = Release|Any CPU
	EndGlobalSection
	GlobalSection(SolutionProperties) = preSolution
		HideSolutionNode = FALSE
	EndGlobalSection
	GlobalSection(ExtensibilityGlobals) = postSolution
		SolutionGuid = {2742E6A2-52FE-461B-9367-CCE4F8EBCF1C}
	EndGlobalSection
EndGlobal
