
Microsoft Visual Studio Solution File, Format Version 12.00
# Visual Studio Version 17
VisualStudioVersion = 17.4.33205.214
MinimumVisualStudioVersion = 10.0.40219.1
Project("{FAE04EC0-301F-11D3-BF4B-00C04F79EFBC}") = "Market4You", "Market4You\Market4You.csproj", "{49BA064C-8F25-4CF1-AC01-F28F9C1CE9D6}"
EndProject
Global
	GlobalSection(SolutionConfigurationPlatforms) = preSolution
		Debug|Any CPU = Debug|Any CPU
		Release|Any CPU = Release|Any CPU
	EndGlobalSection
	GlobalSection(ProjectConfigurationPlatforms) = postSolution
		{49BA064C-8F25-4CF1-AC01-F28F9C1CE9D6}.Debug|Any CPU.ActiveCfg = Debug|Any CPU
		{49BA064C-8F25-4CF1-AC01-F28F9C1CE9D6}.Debug|Any CPU.Build.0 = Debug|Any CPU
		{49BA064C-8F25-4CF1-AC01-F28F9C1CE9D6}.Release|Any CPU.ActiveCfg = Release|Any CPU
		{49BA064C-8F25-4CF1-AC01-F28F9C1CE9D6}.Release|Any CPU.Build.0 = Release|Any CPU
	EndGlobalSection
	GlobalSection(SolutionProperties) = preSolution
		HideSolutionNode = FALSE
	EndGlobalSection
	GlobalSection(ExtensibilityGlobals) = postSolution
		SolutionGuid = {41828ED7-D28A-4D82-8861-0A6E1C34F1F0}
	EndGlobalSection
EndGlobal
